// !$*UTF8*$!
{
	archiveVersion = 1;
	classes = {
	};
	objectVersion = 56;
	objects = {

/* Begin PBXBuildFile section */
		2207DD222C2E126500A0E457 /* HabitStore.swift in Sources */ = {isa = PBXBuildFile; fileRef = 2207DD212C2E126500A0E457 /* HabitStore.swift */; };
		22226FEC2BFD542800120B74 /* HabitJourneyApp.swift in Sources */ = {isa = PBXBuildFile; fileRef = 22226FEB2BFD542800120B74 /* HabitJourneyApp.swift */; };
		22226FF02BFD542A00120B74 /* Assets.xcassets in Resources */ = {isa = PBXBuildFile; fileRef = 22226FEF2BFD542A00120B74 /* Assets.xcassets */; };
		22226FF32BFD542A00120B74 /* Preview Assets.xcassets in Resources */ = {isa = PBXBuildFile; fileRef = 22226FF22BFD542A00120B74 /* Preview Assets.xcassets */; };
		22226FFB2BFD591400120B74 /* SplashScreen.swift in Sources */ = {isa = PBXBuildFile; fileRef = 22226FFA2BFD591400120B74 /* SplashScreen.swift */; };
		222270022BFD5FFD00120B74 /* HomeScreen.swift in Sources */ = {isa = PBXBuildFile; fileRef = 222270012BFD5FFD00120B74 /* HomeScreen.swift */; };
		2230ABE32C0FD95F00DF20E5 /* AddScreen.swift in Sources */ = {isa = PBXBuildFile; fileRef = 2230ABE22C0FD95F00DF20E5 /* AddScreen.swift */; };
		2230ABE52C0FDECA00DF20E5 /* DayScreen.swift in Sources */ = {isa = PBXBuildFile; fileRef = 2230ABE42C0FDECA00DF20E5 /* DayScreen.swift */; };
		2235A7A12C34B722009FCBCB /* ProgressStore.swift in Sources */ = {isa = PBXBuildFile; fileRef = 2235A7A02C34B722009FCBCB /* ProgressStore.swift */; };
		22E3F4582CACA25000C8E08F /* DBManager.swift in Sources */ = {isa = PBXBuildFile; fileRef = 22E3F4542CACA25000C8E08F /* DBManager.swift */; };
		22E3F4592CACA25000C8E08F /* User.swift in Sources */ = {isa = PBXBuildFile; fileRef = 22E3F4562CACA25000C8E08F /* User.swift */; };
		22E3F45A2CACA25000C8E08F /* Habit.swift in Sources */ = {isa = PBXBuildFile; fileRef = 22E3F4572CACA25000C8E08F /* Habit.swift */; };
		22E3F45C2CACA27000C8E08F /* ContentView.swift in Sources */ = {isa = PBXBuildFile; fileRef = 22E3F45B2CACA27000C8E08F /* ContentView.swift */; };
		22E3F4612CACA28E00C8E08F /* CheckBoxButton.swift in Sources */ = {isa = PBXBuildFile; fileRef = 22E3F45E2CACA28E00C8E08F /* CheckBoxButton.swift */; };
		22E3F4622CACA28E00C8E08F /* CheckBoxButtonWrapper.swift in Sources */ = {isa = PBXBuildFile; fileRef = 22E3F45F2CACA28E00C8E08F /* CheckBoxButtonWrapper.swift */; };
		22E3F4632CACA28E00C8E08F /* ProgressBar.swift in Sources */ = {isa = PBXBuildFile; fileRef = 22E3F4602CACA28E00C8E08F /* ProgressBar.swift */; };
		22E3F4862CACBA3300C8E08F /* SignUpView.swift in Sources */ = {isa = PBXBuildFile; fileRef = 22E3F4852CACBA3300C8E08F /* SignUpView.swift */; };
		22E3F48B2CACBAA400C8E08F /* FieldModel.swift in Sources */ = {isa = PBXBuildFile; fileRef = 22E3F48A2CACBAA400C8E08F /* FieldModel.swift */; };
		22E3F48D2CACBAC900C8E08F /* FieldType.swift in Sources */ = {isa = PBXBuildFile; fileRef = 22E3F48C2CACBAC900C8E08F /* FieldType.swift */; };
		22E3F48F2CACBB1600C8E08F /* CustomTextField.swift in Sources */ = {isa = PBXBuildFile; fileRef = 22E3F48E2CACBB1600C8E08F /* CustomTextField.swift */; };
		22EBF3D82C1904B500C0AD4C /* CheckBoxButton.swift in Sources */ = {isa = PBXBuildFile; fileRef = 22EBF3D72C1904B500C0AD4C /* CheckBoxButton.swift */; };
		22EBF3DA2C19072200C0AD4C /* CheckBoxButtonWrapper.swift in Sources */ = {isa = PBXBuildFile; fileRef = 22EBF3D92C19072200C0AD4C /* CheckBoxButtonWrapper.swift */; };
		22F595902CB5EF820077DFD3 /* LoginView.swift in Sources */ = {isa = PBXBuildFile; fileRef = 22F5958F2CB5EF820077DFD3 /* LoginView.swift */; };
/* End PBXBuildFile section */

/* Begin PBXFileReference section */
		2207DD212C2E126500A0E457 /* HabitStore.swift */ = {isa = PBXFileReference; lastKnownFileType = sourcecode.swift; path = HabitStore.swift; sourceTree = "<group>"; };
		22226FE82BFD542800120B74 /* HabitJourney.app */ = {isa = PBXFileReference; explicitFileType = wrapper.application; includeInIndex = 0; path = HabitJourney.app; sourceTree = BUILT_PRODUCTS_DIR; };
		22226FEB2BFD542800120B74 /* HabitJourneyApp.swift */ = {isa = PBXFileReference; lastKnownFileType = sourcecode.swift; path = HabitJourneyApp.swift; sourceTree = "<group>"; };
		22226FEF2BFD542A00120B74 /* Assets.xcassets */ = {isa = PBXFileReference; lastKnownFileType = folder.assetcatalog; path = Assets.xcassets; sourceTree = "<group>"; };
		22226FF22BFD542A00120B74 /* Preview Assets.xcassets */ = {isa = PBXFileReference; lastKnownFileType = folder.assetcatalog; path = "Preview Assets.xcassets"; sourceTree = "<group>"; };
		22226FFA2BFD591400120B74 /* SplashScreen.swift */ = {isa = PBXFileReference; lastKnownFileType = sourcecode.swift; path = SplashScreen.swift; sourceTree = "<group>"; };
		222270012BFD5FFD00120B74 /* HomeScreen.swift */ = {isa = PBXFileReference; lastKnownFileType = sourcecode.swift; path = HomeScreen.swift; sourceTree = "<group>"; };
		2230ABE22C0FD95F00DF20E5 /* AddScreen.swift */ = {isa = PBXFileReference; lastKnownFileType = sourcecode.swift; path = AddScreen.swift; sourceTree = "<group>"; };
		2230ABE42C0FDECA00DF20E5 /* DayScreen.swift */ = {isa = PBXFileReference; lastKnownFileType = sourcecode.swift; path = DayScreen.swift; sourceTree = "<group>"; };
		2235A7A02C34B722009FCBCB /* ProgressStore.swift */ = {isa = PBXFileReference; lastKnownFileType = sourcecode.swift; path = ProgressStore.swift; sourceTree = "<group>"; };
		22E3F4542CACA25000C8E08F /* DBManager.swift */ = {isa = PBXFileReference; fileEncoding = 4; lastKnownFileType = sourcecode.swift; path = DBManager.swift; sourceTree = "<group>"; };
		22E3F4562CACA25000C8E08F /* User.swift */ = {isa = PBXFileReference; fileEncoding = 4; lastKnownFileType = sourcecode.swift; path = User.swift; sourceTree = "<group>"; };
		22E3F4572CACA25000C8E08F /* Habit.swift */ = {isa = PBXFileReference; fileEncoding = 4; lastKnownFileType = sourcecode.swift; path = Habit.swift; sourceTree = "<group>"; };
		22E3F45B2CACA27000C8E08F /* ContentView.swift */ = {isa = PBXFileReference; fileEncoding = 4; lastKnownFileType = sourcecode.swift; path = ContentView.swift; sourceTree = "<group>"; };
		22E3F45E2CACA28E00C8E08F /* CheckBoxButton.swift */ = {isa = PBXFileReference; fileEncoding = 4; lastKnownFileType = sourcecode.swift; path = CheckBoxButton.swift; sourceTree = "<group>"; };
		22E3F45F2CACA28E00C8E08F /* CheckBoxButtonWrapper.swift */ = {isa = PBXFileReference; fileEncoding = 4; lastKnownFileType = sourcecode.swift; path = CheckBoxButtonWrapper.swift; sourceTree = "<group>"; };
		22E3F4602CACA28E00C8E08F /* ProgressBar.swift */ = {isa = PBXFileReference; fileEncoding = 4; lastKnownFileType = sourcecode.swift; path = ProgressBar.swift; sourceTree = "<group>"; };
		22E3F4852CACBA3300C8E08F /* SignUpView.swift */ = {isa = PBXFileReference; lastKnownFileType = sourcecode.swift; path = SignUpView.swift; sourceTree = "<group>"; };
		22E3F48A2CACBAA400C8E08F /* FieldModel.swift */ = {isa = PBXFileReference; lastKnownFileType = sourcecode.swift; path = FieldModel.swift; sourceTree = "<group>"; };
		22E3F48C2CACBAC900C8E08F /* FieldType.swift */ = {isa = PBXFileReference; lastKnownFileType = sourcecode.swift; path = FieldType.swift; sourceTree = "<group>"; };
		22E3F48E2CACBB1600C8E08F /* CustomTextField.swift */ = {isa = PBXFileReference; lastKnownFileType = sourcecode.swift; path = CustomTextField.swift; sourceTree = "<group>"; };
		22EBF3D72C1904B500C0AD4C /* CheckBoxButton.swift */ = {isa = PBXFileReference; lastKnownFileType = sourcecode.swift; path = CheckBoxButton.swift; sourceTree = "<group>"; };
		22EBF3D92C19072200C0AD4C /* CheckBoxButtonWrapper.swift */ = {isa = PBXFileReference; lastKnownFileType = sourcecode.swift; path = CheckBoxButtonWrapper.swift; sourceTree = "<group>"; };
		22F5958F2CB5EF820077DFD3 /* LoginView.swift */ = {isa = PBXFileReference; lastKnownFileType = sourcecode.swift; path = LoginView.swift; sourceTree = "<group>"; };
/* End PBXFileReference section */

/* Begin PBXFrameworksBuildPhase section */
		22226FE52BFD542800120B74 /* Frameworks */ = {
			isa = PBXFrameworksBuildPhase;
			buildActionMask = 2147483647;
			files = (
			);
			runOnlyForDeploymentPostprocessing = 0;
		};
/* End PBXFrameworksBuildPhase section */

/* Begin PBXGroup section */
		2207DD202C2E124C00A0E457 /* Habits */ = {
			isa = PBXGroup;
			children = (
				2207DD212C2E126500A0E457 /* HabitStore.swift */,
				2235A7A02C34B722009FCBCB /* ProgressStore.swift */,
			);
			path = Habits;
			sourceTree = "<group>";
		};
		22226FDF2BFD542800120B74 = {
			isa = PBXGroup;
			children = (
				22226FEA2BFD542800120B74 /* HabitJourney */,
				22226FE92BFD542800120B74 /* Products */,
			);
			sourceTree = "<group>";
		};
		22226FE92BFD542800120B74 /* Products */ = {
			isa = PBXGroup;
			children = (
				22226FE82BFD542800120B74 /* HabitJourney.app */,
			);
			name = Products;
			sourceTree = "<group>";
		};
		22226FEA2BFD542800120B74 /* HabitJourney */ = {
			isa = PBXGroup;
			children = (
				22E3F4532CACA25000C8E08F /* Controller */,
				22E3F4552CACA25000C8E08F /* Model */,
				22EBF3D22C19026F00C0AD4C /* Utils */,
				22226FF92BFD589300120B74 /* Views */,
				22226FEB2BFD542800120B74 /* HabitJourneyApp.swift */,
				22226FEF2BFD542A00120B74 /* Assets.xcassets */,
				22226FF12BFD542A00120B74 /* Preview Content */,
			);
			path = HabitJourney;
			sourceTree = "<group>";
		};
		22226FF12BFD542A00120B74 /* Preview Content */ = {
			isa = PBXGroup;
			children = (
				22226FF22BFD542A00120B74 /* Preview Assets.xcassets */,
			);
			path = "Preview Content";
			sourceTree = "<group>";
		};
		22226FF92BFD589300120B74 /* Views */ = {
			isa = PBXGroup;
			children = (
				22E3F4822CACB9EC00C8E08F /* LogSign */,
				22226FFA2BFD591400120B74 /* SplashScreen.swift */,
				222270012BFD5FFD00120B74 /* HomeScreen.swift */,
				2230ABE42C0FDECA00DF20E5 /* DayScreen.swift */,
				2230ABE22C0FD95F00DF20E5 /* AddScreen.swift */,
				22E3F45B2CACA27000C8E08F /* ContentView.swift */,
			);
			path = Views;
			sourceTree = "<group>";
		};
		22E3F4532CACA25000C8E08F /* Controller */ = {
			isa = PBXGroup;
			children = (
				22E3F4872CACBA6400C8E08F /* Field */,
				22E3F4542CACA25000C8E08F /* DBManager.swift */,
			);
			path = Controller;
			sourceTree = "<group>";
		};
		22E3F4552CACA25000C8E08F /* Model */ = {
			isa = PBXGroup;
			children = (
				22E3F4562CACA25000C8E08F /* User.swift */,
				22E3F4572CACA25000C8E08F /* Habit.swift */,
			);
			path = Model;
			sourceTree = "<group>";
		};
		22E3F45D2CACA28E00C8E08F /* CheckBoxComponent */ = {
			isa = PBXGroup;
			children = (
				22E3F45E2CACA28E00C8E08F /* CheckBoxButton.swift */,
				22E3F45F2CACA28E00C8E08F /* CheckBoxButtonWrapper.swift */,
				22E3F4602CACA28E00C8E08F /* ProgressBar.swift */,
			);
			path = CheckBoxComponent;
			sourceTree = "<group>";
		};
		22E3F4822CACB9EC00C8E08F /* LogSign */ = {
			isa = PBXGroup;
			children = (
				22E3F4852CACBA3300C8E08F /* SignUpView.swift */,
				22E3F48E2CACBB1600C8E08F /* CustomTextField.swift */,
				22F5958F2CB5EF820077DFD3 /* LoginView.swift */,
			);
			path = LogSign;
			sourceTree = "<group>";
		};
		22E3F4872CACBA6400C8E08F /* Field */ = {
			isa = PBXGroup;
			children = (
				22E3F48A2CACBAA400C8E08F /* FieldModel.swift */,
				22E3F48C2CACBAC900C8E08F /* FieldType.swift */,
			);
			path = Field;
			sourceTree = "<group>";
		};
		22EBF3D22C19026F00C0AD4C /* Utils */ = {
			isa = PBXGroup;
			children = (
				22E3F45D2CACA28E00C8E08F /* CheckBoxComponent */,
				2207DD202C2E124C00A0E457 /* Habits */,
				22EBF3DC2C19073400C0AD4C /* CheckBoxComponent */,
			);
			path = Utils;
			sourceTree = "<group>";
		};
		22EBF3DC2C19073400C0AD4C /* CheckBoxComponent */ = {
			isa = PBXGroup;
			children = (
				22EBF3D72C1904B500C0AD4C /* CheckBoxButton.swift */,
				22EBF3D92C19072200C0AD4C /* CheckBoxButtonWrapper.swift */,
			);
			path = CheckBoxComponent;
			sourceTree = "<group>";
		};
/* End PBXGroup section */

/* Begin PBXNativeTarget section */
		22226FE72BFD542800120B74 /* HabitJourney */ = {
			isa = PBXNativeTarget;
			buildConfigurationList = 22226FF62BFD542A00120B74 /* Build configuration list for PBXNativeTarget "HabitJourney" */;
			buildPhases = (
				22226FE42BFD542800120B74 /* Sources */,
				22226FE52BFD542800120B74 /* Frameworks */,
				22226FE62BFD542800120B74 /* Resources */,
			);
			buildRules = (
			);
			dependencies = (
			);
			name = HabitJourney;
			productName = HabitJourney;
			productReference = 22226FE82BFD542800120B74 /* HabitJourney.app */;
			productType = "com.apple.product-type.application";
		};
/* End PBXNativeTarget section */

/* Begin PBXProject section */
		22226FE02BFD542800120B74 /* Project object */ = {
			isa = PBXProject;
			attributes = {
				BuildIndependentTargetsInParallel = 1;
				LastSwiftUpdateCheck = 1520;
				LastUpgradeCheck = 1520;
				TargetAttributes = {
					22226FE72BFD542800120B74 = {
						CreatedOnToolsVersion = 15.2;
					};
				};
			};
			buildConfigurationList = 22226FE32BFD542800120B74 /* Build configuration list for PBXProject "HabitJourney" */;
			compatibilityVersion = "Xcode 14.0";
			developmentRegion = en;
			hasScannedForEncodings = 0;
			knownRegions = (
				en,
				Base,
			);
			mainGroup = 22226FDF2BFD542800120B74;
			productRefGroup = 22226FE92BFD542800120B74 /* Products */;
			projectDirPath = "";
			projectRoot = "";
			targets = (
				22226FE72BFD542800120B74 /* HabitJourney */,
			);
		};
/* End PBXProject section */

/* Begin PBXResourcesBuildPhase section */
		22226FE62BFD542800120B74 /* Resources */ = {
			isa = PBXResourcesBuildPhase;
			buildActionMask = 2147483647;
			files = (
				22226FF32BFD542A00120B74 /* Preview Assets.xcassets in Resources */,
				22226FF02BFD542A00120B74 /* Assets.xcassets in Resources */,
			);
			runOnlyForDeploymentPostprocessing = 0;
		};
/* End PBXResourcesBuildPhase section */

/* Begin PBXSourcesBuildPhase section */
		22226FE42BFD542800120B74 /* Sources */ = {
			isa = PBXSourcesBuildPhase;
			buildActionMask = 2147483647;
			files = (
				22E3F4622CACA28E00C8E08F /* CheckBoxButtonWrapper.swift in Sources */,
				2230ABE52C0FDECA00DF20E5 /* DayScreen.swift in Sources */,
				22226FFB2BFD591400120B74 /* SplashScreen.swift in Sources */,
				22EBF3DA2C19072200C0AD4C /* CheckBoxButtonWrapper.swift in Sources */,
				22E3F4582CACA25000C8E08F /* DBManager.swift in Sources */,
				22E3F4612CACA28E00C8E08F /* CheckBoxButton.swift in Sources */,
				22E3F4632CACA28E00C8E08F /* ProgressBar.swift in Sources */,
				222270022BFD5FFD00120B74 /* HomeScreen.swift in Sources */,
				2235A7A12C34B722009FCBCB /* ProgressStore.swift in Sources */,
				22E3F45A2CACA25000C8E08F /* Habit.swift in Sources */,
				22E3F4592CACA25000C8E08F /* User.swift in Sources */,
				22EBF3D82C1904B500C0AD4C /* CheckBoxButton.swift in Sources */,
				2230ABE32C0FD95F00DF20E5 /* AddScreen.swift in Sources */,
				22E3F48F2CACBB1600C8E08F /* CustomTextField.swift in Sources */,
				22E3F45C2CACA27000C8E08F /* ContentView.swift in Sources */,
				22F595902CB5EF820077DFD3 /* LoginView.swift in Sources */,
				22226FEC2BFD542800120B74 /* HabitJourneyApp.swift in Sources */,
				22E3F48D2CACBAC900C8E08F /* FieldType.swift in Sources */,
				22E3F4862CACBA3300C8E08F /* SignUpView.swift in Sources */,
				22E3F48B2CACBAA400C8E08F /* FieldModel.swift in Sources */,
				2207DD222C2E126500A0E457 /* HabitStore.swift in Sources */,
			);
			runOnlyForDeploymentPostprocessing = 0;
		};
/* End PBXSourcesBuildPhase section */

/* Begin XCBuildConfiguration section */
		22226FF42BFD542A00120B74 /* Debug */ = {
			isa = XCBuildConfiguration;
			buildSettings = {
				ALWAYS_SEARCH_USER_PATHS = NO;
				ASSETCATALOG_COMPILER_GENERATE_SWIFT_ASSET_SYMBOL_EXTENSIONS = YES;
				CLANG_ANALYZER_NONNULL = YES;
				CLANG_ANALYZER_NUMBER_OBJECT_CONVERSION = YES_AGGRESSIVE;
				CLANG_CXX_LANGUAGE_STANDARD = "gnu++20";
				CLANG_ENABLE_MODULES = YES;
				CLANG_ENABLE_OBJC_ARC = YES;
				CLANG_ENABLE_OBJC_WEAK = YES;
				CLANG_WARN_BLOCK_CAPTURE_AUTORELEASING = YES;
				CLANG_WARN_BOOL_CONVERSION = YES;
				CLANG_WARN_COMMA = YES;
				CLANG_WARN_CONSTANT_CONVERSION = YES;
				CLANG_WARN_DEPRECATED_OBJC_IMPLEMENTATIONS = YES;
				CLANG_WARN_DIRECT_OBJC_ISA_USAGE = YES_ERROR;
				CLANG_WARN_DOCUMENTATION_COMMENTS = YES;
				CLANG_WARN_EMPTY_BODY = YES;
				CLANG_WARN_ENUM_CONVERSION = YES;
				CLANG_WARN_INFINITE_RECURSION = YES;
				CLANG_WARN_INT_CONVERSION = YES;
				CLANG_WARN_NON_LITERAL_NULL_CONVERSION = YES;
				CLANG_WARN_OBJC_IMPLICIT_RETAIN_SELF = YES;
				CLANG_WARN_OBJC_LITERAL_CONVERSION = YES;
				CLANG_WARN_OBJC_ROOT_CLASS = YES_ERROR;
				CLANG_WARN_QUOTED_INCLUDE_IN_FRAMEWORK_HEADER = YES;
				CLANG_WARN_RANGE_LOOP_ANALYSIS = YES;
				CLANG_WARN_STRICT_PROTOTYPES = YES;
				CLANG_WARN_SUSPICIOUS_MOVE = YES;
				CLANG_WARN_UNGUARDED_AVAILABILITY = YES_AGGRESSIVE;
				CLANG_WARN_UNREACHABLE_CODE = YES;
				CLANG_WARN__DUPLICATE_METHOD_MATCH = YES;
				COPY_PHASE_STRIP = NO;
				DEBUG_INFORMATION_FORMAT = dwarf;
				ENABLE_STRICT_OBJC_MSGSEND = YES;
				ENABLE_TESTABILITY = YES;
				ENABLE_USER_SCRIPT_SANDBOXING = YES;
				GCC_C_LANGUAGE_STANDARD = gnu17;
				GCC_DYNAMIC_NO_PIC = NO;
				GCC_NO_COMMON_BLOCKS = YES;
				GCC_OPTIMIZATION_LEVEL = 0;
				GCC_PREPROCESSOR_DEFINITIONS = (
					"DEBUG=1",
					"$(inherited)",
				);
				GCC_WARN_64_TO_32_BIT_CONVERSION = YES;
				GCC_WARN_ABOUT_RETURN_TYPE = YES_ERROR;
				GCC_WARN_UNDECLARED_SELECTOR = YES;
				GCC_WARN_UNINITIALIZED_AUTOS = YES_AGGRESSIVE;
				GCC_WARN_UNUSED_FUNCTION = YES;
				GCC_WARN_UNUSED_VARIABLE = YES;
				IPHONEOS_DEPLOYMENT_TARGET = 17.2;
				LOCALIZATION_PREFERS_STRING_CATALOGS = YES;
				MTL_ENABLE_DEBUG_INFO = INCLUDE_SOURCE;
				MTL_FAST_MATH = YES;
				ONLY_ACTIVE_ARCH = YES;
				SDKROOT = iphoneos;
				SWIFT_ACTIVE_COMPILATION_CONDITIONS = "DEBUG $(inherited)";
				SWIFT_OPTIMIZATION_LEVEL = "-Onone";
			};
			name = Debug;
		};
		22226FF52BFD542A00120B74 /* Release */ = {
			isa = XCBuildConfiguration;
			buildSettings = {
				ALWAYS_SEARCH_USER_PATHS = NO;
				ASSETCATALOG_COMPILER_GENERATE_SWIFT_ASSET_SYMBOL_EXTENSIONS = YES;
				CLANG_ANALYZER_NONNULL = YES;
				CLANG_ANALYZER_NUMBER_OBJECT_CONVERSION = YES_AGGRESSIVE;
				CLANG_CXX_LANGUAGE_STANDARD = "gnu++20";
				CLANG_ENABLE_MODULES = YES;
				CLANG_ENABLE_OBJC_ARC = YES;
				CLANG_ENABLE_OBJC_WEAK = YES;
				CLANG_WARN_BLOCK_CAPTURE_AUTORELEASING = YES;
				CLANG_WARN_BOOL_CONVERSION = YES;
				CLANG_WARN_COMMA = YES;
				CLANG_WARN_CONSTANT_CONVERSION = YES;
				CLANG_WARN_DEPRECATED_OBJC_IMPLEMENTATIONS = YES;
				CLANG_WARN_DIRECT_OBJC_ISA_USAGE = YES_ERROR;
				CLANG_WARN_DOCUMENTATION_COMMENTS = YES;
				CLANG_WARN_EMPTY_BODY = YES;
				CLANG_WARN_ENUM_CONVERSION = YES;
				CLANG_WARN_INFINITE_RECURSION = YES;
				CLANG_WARN_INT_CONVERSION = YES;
				CLANG_WARN_NON_LITERAL_NULL_CONVERSION = YES;
				CLANG_WARN_OBJC_IMPLICIT_RETAIN_SELF = YES;
				CLANG_WARN_OBJC_LITERAL_CONVERSION = YES;
				CLANG_WARN_OBJC_ROOT_CLASS = YES_ERROR;
				CLANG_WARN_QUOTED_INCLUDE_IN_FRAMEWORK_HEADER = YES;
				CLANG_WARN_RANGE_LOOP_ANALYSIS = YES;
				CLANG_WARN_STRICT_PROTOTYPES = YES;
				CLANG_WARN_SUSPICIOUS_MOVE = YES;
				CLANG_WARN_UNGUARDED_AVAILABILITY = YES_AGGRESSIVE;
				CLANG_WARN_UNREACHABLE_CODE = YES;
				CLANG_WARN__DUPLICATE_METHOD_MATCH = YES;
				COPY_PHASE_STRIP = NO;
				DEBUG_INFORMATION_FORMAT = "dwarf-with-dsym";
				ENABLE_NS_ASSERTIONS = NO;
				ENABLE_STRICT_OBJC_MSGSEND = YES;
				ENABLE_USER_SCRIPT_SANDBOXING = YES;
				GCC_C_LANGUAGE_STANDARD = gnu17;
				GCC_NO_COMMON_BLOCKS = YES;
				GCC_WARN_64_TO_32_BIT_CONVERSION = YES;
				GCC_WARN_ABOUT_RETURN_TYPE = YES_ERROR;
				GCC_WARN_UNDECLARED_SELECTOR = YES;
				GCC_WARN_UNINITIALIZED_AUTOS = YES_AGGRESSIVE;
				GCC_WARN_UNUSED_FUNCTION = YES;
				GCC_WARN_UNUSED_VARIABLE = YES;
				IPHONEOS_DEPLOYMENT_TARGET = 17.2;
				LOCALIZATION_PREFERS_STRING_CATALOGS = YES;
				MTL_ENABLE_DEBUG_INFO = NO;
				MTL_FAST_MATH = YES;
				SDKROOT = iphoneos;
				SWIFT_COMPILATION_MODE = wholemodule;
				VALIDATE_PRODUCT = YES;
			};
			name = Release;
		};
		22226FF72BFD542A00120B74 /* Debug */ = {
			isa = XCBuildConfiguration;
			buildSettings = {
				ASSETCATALOG_COMPILER_APPICON_NAME = AppIcon;
				ASSETCATALOG_COMPILER_GLOBAL_ACCENT_COLOR_NAME = AccentColor;
				CODE_SIGN_STYLE = Automatic;
				CURRENT_PROJECT_VERSION = 1;
				DEVELOPMENT_ASSET_PATHS = "\"HabitJourney/Preview Content\"";
				ENABLE_PREVIEWS = YES;
				GENERATE_INFOPLIST_FILE = YES;
				INFOPLIST_KEY_UIApplicationSceneManifest_Generation = YES;
				INFOPLIST_KEY_UIApplicationSupportsIndirectInputEvents = YES;
				INFOPLIST_KEY_UILaunchScreen_Generation = YES;
				INFOPLIST_KEY_UISupportedInterfaceOrientations_iPad = "UIInterfaceOrientationPortrait UIInterfaceOrientationPortraitUpsideDown UIInterfaceOrientationLandscapeLeft UIInterfaceOrientationLandscapeRight";
				INFOPLIST_KEY_UISupportedInterfaceOrientations_iPhone = "UIInterfaceOrientationPortrait UIInterfaceOrientationLandscapeLeft UIInterfaceOrientationLandscapeRight";
				LD_RUNPATH_SEARCH_PATHS = (
					"$(inherited)",
					"@executable_path/Frameworks",
				);
				MARKETING_VERSION = 1.0;
				PRODUCT_BUNDLE_IDENTIFIER = coltec.HabitJourney;
				PRODUCT_NAME = "$(TARGET_NAME)";
				SWIFT_EMIT_LOC_STRINGS = YES;
				SWIFT_VERSION = 5.0;
				TARGETED_DEVICE_FAMILY = "1,2";
			};
			name = Debug;
		};
		22226FF82BFD542A00120B74 /* Release */ = {
			isa = XCBuildConfiguration;
			buildSettings = {
				ASSETCATALOG_COMPILER_APPICON_NAME = AppIcon;
				ASSETCATALOG_COMPILER_GLOBAL_ACCENT_COLOR_NAME = AccentColor;
				CODE_SIGN_STYLE = Automatic;
				CURRENT_PROJECT_VERSION = 1;
				DEVELOPMENT_ASSET_PATHS = "\"HabitJourney/Preview Content\"";
				ENABLE_PREVIEWS = YES;
				GENERATE_INFOPLIST_FILE = YES;
				INFOPLIST_KEY_UIApplicationSceneManifest_Generation = YES;
				INFOPLIST_KEY_UIApplicationSupportsIndirectInputEvents = YES;
				INFOPLIST_KEY_UILaunchScreen_Generation = YES;
				INFOPLIST_KEY_UISupportedInterfaceOrientations_iPad = "UIInterfaceOrientationPortrait UIInterfaceOrientationPortraitUpsideDown UIInterfaceOrientationLandscapeLeft UIInterfaceOrientationLandscapeRight";
				INFOPLIST_KEY_UISupportedInterfaceOrientations_iPhone = "UIInterfaceOrientationPortrait UIInterfaceOrientationLandscapeLeft UIInterfaceOrientationLandscapeRight";
				LD_RUNPATH_SEARCH_PATHS = (
					"$(inherited)",
					"@executable_path/Frameworks",
				);
				MARKETING_VERSION = 1.0;
				PRODUCT_BUNDLE_IDENTIFIER = coltec.HabitJourney;
				PRODUCT_NAME = "$(TARGET_NAME)";
				SWIFT_EMIT_LOC_STRINGS = YES;
				SWIFT_VERSION = 5.0;
				TARGETED_DEVICE_FAMILY = "1,2";
			};
			name = Release;
		};
/* End XCBuildConfiguration section */

/* Begin XCConfigurationList section */
		22226FE32BFD542800120B74 /* Build configuration list for PBXProject "HabitJourney" */ = {
			isa = XCConfigurationList;
			buildConfigurations = (
				22226FF42BFD542A00120B74 /* Debug */,
				22226FF52BFD542A00120B74 /* Release */,
			);
			defaultConfigurationIsVisible = 0;
			defaultConfigurationName = Release;
		};
		22226FF62BFD542A00120B74 /* Build configuration list for PBXNativeTarget "HabitJourney" */ = {
			isa = XCConfigurationList;
			buildConfigurations = (
				22226FF72BFD542A00120B74 /* Debug */,
				22226FF82BFD542A00120B74 /* Release */,
			);
			defaultConfigurationIsVisible = 0;
			defaultConfigurationName = Release;
		};
/* End XCConfigurationList section */
	};
	rootObject = 22226FE02BFD542800120B74 /* Project object */;
}
